
Microsoft Visual Studio Solution File, Format Version 12.00
# Visual Studio Version 17
VisualStudioVersion = 17.5.33516.290
MinimumVisualStudioVersion = 10.0.40219.1
Project("{FAE04EC0-301F-11D3-BF4B-00C04F79EFBC}") = "BloodMgt", "BloodMgt.csproj", "{97EEDD14-BEBF-43D7-8CCB-1781DA59C106}"
EndProject
Global
	GlobalSection(SolutionConfigurationPlatforms) = preSolution
		Debug|Any CPU = Debug|Any CPU
		Release|Any CPU = Release|Any CPU
	EndGlobalSection
	GlobalSection(ProjectConfigurationPlatforms) = postSolution
		{97EEDD14-BEBF-43D7-8CCB-1781DA59C106}.Debug|Any CPU.ActiveCfg = Debug|Any CPU
		{97EEDD14-BEBF-43D7-8CCB-1781DA59C106}.Debug|Any CPU.Build.0 = Debug|Any CPU
		{97EEDD14-BEBF-43D7-8CCB-1781DA59C106}.Release|Any CPU.ActiveCfg = Release|Any CPU
		{97EEDD14-BEBF-43D7-8CCB-1781DA59C106}.Release|Any CPU.Build.0 = Release|Any CPU
	EndGlobalSection
	GlobalSection(SolutionProperties) = preSolution
		HideSolutionNode = FALSE
	EndGlobalSection
	GlobalSection(ExtensibilityGlobals) = postSolution
		SolutionGuid = {63048C38-6970-4A4A-BA89-D47019CF0769}
	EndGlobalSection
EndGlobal
